
Microsoft Visual Studio Solution File, Format Version 12.00
# Visual Studio Version 16
VisualStudioVersion = 16.0.29613.14
MinimumVisualStudioVersion = 10.0.40219.1
Project("{FAE04EC0-301F-11D3-BF4B-00C04F79EFBC}") = "Projet", "Projet\Projet.csproj", "{A763ABB3-102E-45DD-AEA5-83E344F3BDA1}"
EndProject
Project("{FAE04EC0-301F-11D3-BF4B-00C04F79EFBC}") = "UnitTestProject", "UnitTestProject\UnitTestProject.csproj", "{635324A2-78A9-4D13-BCB9-BBF474DC344D}"
EndProject
Global
	GlobalSection(SolutionConfigurationPlatforms) = preSolution
		Debug|Any CPU = Debug|Any CPU
		Release|Any CPU = Release|Any CPU
	EndGlobalSection
	GlobalSection(ProjectConfigurationPlatforms) = postSolution
		{A763ABB3-102E-45DD-AEA5-83E344F3BDA1}.Debug|Any CPU.ActiveCfg = Debug|Any CPU
		{A763ABB3-102E-45DD-AEA5-83E344F3BDA1}.Debug|Any CPU.Build.0 = Debug|Any CPU
		{A763ABB3-102E-45DD-AEA5-83E344F3BDA1}.Release|Any CPU.ActiveCfg = Release|Any CPU
		{A763ABB3-102E-45DD-AEA5-83E344F3BDA1}.Release|Any CPU.Build.0 = Release|Any CPU
		{635324A2-78A9-4D13-BCB9-BBF474DC344D}.Debug|Any CPU.ActiveCfg = Debug|Any CPU
		{635324A2-78A9-4D13-BCB9-BBF474DC344D}.Debug|Any CPU.Build.0 = Debug|Any CPU
		{635324A2-78A9-4D13-BCB9-BBF474DC344D}.Release|Any CPU.ActiveCfg = Release|Any CPU
		{635324A2-78A9-4D13-BCB9-BBF474DC344D}.Release|Any CPU.Build.0 = Release|Any CPU
	EndGlobalSection
	GlobalSection(SolutionProperties) = preSolution
		HideSolutionNode = FALSE
	EndGlobalSection
	GlobalSection(ExtensibilityGlobals) = postSolution
		SolutionGuid = {11894B07-2196-4A8E-AE0E-481D04182527}
	EndGlobalSection
EndGlobal
