
Microsoft Visual Studio Solution File, Format Version 12.00
# Visual Studio Version 16
VisualStudioVersion = 16.0.29613.14
MinimumVisualStudioVersion = 10.0.40219.1
Project("{FAE04EC0-301F-11D3-BF4B-00C04F79EFBC}") = "Country", "Country\Country.csproj", "{C0196E09-62E3-44BC-9857-51197A5DCE2B}"
EndProject
Global
	GlobalSection(SolutionConfigurationPlatforms) = preSolution
		Debug|Any CPU = Debug|Any CPU
		Release|Any CPU = Release|Any CPU
	EndGlobalSection
	GlobalSection(ProjectConfigurationPlatforms) = postSolution
		{C0196E09-62E3-44BC-9857-51197A5DCE2B}.Debug|Any CPU.ActiveCfg = Debug|Any CPU
		{C0196E09-62E3-44BC-9857-51197A5DCE2B}.Debug|Any CPU.Build.0 = Debug|Any CPU
		{C0196E09-62E3-44BC-9857-51197A5DCE2B}.Release|Any CPU.ActiveCfg = Release|Any CPU
		{C0196E09-62E3-44BC-9857-51197A5DCE2B}.Release|Any CPU.Build.0 = Release|Any CPU
	EndGlobalSection
	GlobalSection(SolutionProperties) = preSolution
		HideSolutionNode = FALSE
	EndGlobalSection
	GlobalSection(ExtensibilityGlobals) = postSolution
		SolutionGuid = {1EEC81E2-2D36-4016-877A-F6F4620D0250}
	EndGlobalSection
EndGlobal
